
Microsoft Visual Studio Solution File, Format Version 12.00
# Visual Studio Version 17
VisualStudioVersion = 17.8.34316.72
MinimumVisualStudioVersion = 10.0.40219.1
Project("{2150E333-8FDC-42A3-9474-1A3956D46DE8}") = "src", "src", "{476A6F3B-2E64-4EDC-857F-42230AA8A58E}"
EndProject
Project("{2150E333-8FDC-42A3-9474-1A3956D46DE8}") = "test", "test", "{79EBB81E-5ECB-4924-95C1-B331D234001F}"
EndProject
Project("{2150E333-8FDC-42A3-9474-1A3956D46DE8}") = "presentation", "presentation", "{B3F92EB5-CD7A-43E8-A2DD-F4F7183449C5}"
EndProject
Project("{2150E333-8FDC-42A3-9474-1A3956D46DE8}") = "Core", "Core", "{9B6BE30C-E7BE-4B21-A042-AAC1CDF645A2}"
EndProject
Project("{2150E333-8FDC-42A3-9474-1A3956D46DE8}") = "Infrastructure", "Infrastructure", "{84E9390C-A689-4AA3-A705-CD6671ECB4ED}"
EndProject
Project("{FAE04EC0-301F-11D3-BF4B-00C04F79EFBC}") = "OnlineLibrary.Domain", "src\Core\OnlineLibrary.Domain\OnlineLibrary.Domain.csproj", "{AD41708F-D74E-41E4-8784-C6E8565BB4B2}"
EndProject
Project("{FAE04EC0-301F-11D3-BF4B-00C04F79EFBC}") = "OnlineLibrary.Application", "src\Core\OnlineLibrary.Application\OnlineLibrary.Application.csproj", "{36E2C245-82C0-4E24-83D9-1A128E754BFD}"
EndProject
Project("{FAE04EC0-301F-11D3-BF4B-00C04F79EFBC}") = "OnlineLibrary.Persistence", "src\Infrastructure\OnlineLibrary.Persistence\OnlineLibrary.Persistence.csproj", "{4C083841-D1BA-4546-82AF-CC9E412F99A5}"
EndProject
Project("{FAE04EC0-301F-11D3-BF4B-00C04F79EFBC}") = "OnlineLibrary.ConsoleApp", "Presentation\OnlineLibrary.ConsoleApp\OnlineLibrary.ConsoleApp.csproj", "{0EEFDBC5-B70F-4549-9D33-E63AA2027714}"
EndProject
Global
	GlobalSection(SolutionConfigurationPlatforms) = preSolution
		Debug|Any CPU = Debug|Any CPU
		Release|Any CPU = Release|Any CPU
	EndGlobalSection
	GlobalSection(ProjectConfigurationPlatforms) = postSolution
		{AD41708F-D74E-41E4-8784-C6E8565BB4B2}.Debug|Any CPU.ActiveCfg = Debug|Any CPU
		{AD41708F-D74E-41E4-8784-C6E8565BB4B2}.Debug|Any CPU.Build.0 = Debug|Any CPU
		{AD41708F-D74E-41E4-8784-C6E8565BB4B2}.Release|Any CPU.ActiveCfg = Release|Any CPU
		{AD41708F-D74E-41E4-8784-C6E8565BB4B2}.Release|Any CPU.Build.0 = Release|Any CPU
		{36E2C245-82C0-4E24-83D9-1A128E754BFD}.Debug|Any CPU.ActiveCfg = Debug|Any CPU
		{36E2C245-82C0-4E24-83D9-1A128E754BFD}.Debug|Any CPU.Build.0 = Debug|Any CPU
		{36E2C245-82C0-4E24-83D9-1A128E754BFD}.Release|Any CPU.ActiveCfg = Release|Any CPU
		{36E2C245-82C0-4E24-83D9-1A128E754BFD}.Release|Any CPU.Build.0 = Release|Any CPU
		{4C083841-D1BA-4546-82AF-CC9E412F99A5}.Debug|Any CPU.ActiveCfg = Debug|Any CPU
		{4C083841-D1BA-4546-82AF-CC9E412F99A5}.Debug|Any CPU.Build.0 = Debug|Any CPU
		{4C083841-D1BA-4546-82AF-CC9E412F99A5}.Release|Any CPU.ActiveCfg = Release|Any CPU
		{4C083841-D1BA-4546-82AF-CC9E412F99A5}.Release|Any CPU.Build.0 = Release|Any CPU
		{0EEFDBC5-B70F-4549-9D33-E63AA2027714}.Debug|Any CPU.ActiveCfg = Debug|Any CPU
		{0EEFDBC5-B70F-4549-9D33-E63AA2027714}.Debug|Any CPU.Build.0 = Debug|Any CPU
		{0EEFDBC5-B70F-4549-9D33-E63AA2027714}.Release|Any CPU.ActiveCfg = Release|Any CPU
		{0EEFDBC5-B70F-4549-9D33-E63AA2027714}.Release|Any CPU.Build.0 = Release|Any CPU
	EndGlobalSection
	GlobalSection(SolutionProperties) = preSolution
		HideSolutionNode = FALSE
	EndGlobalSection
	GlobalSection(NestedProjects) = preSolution
		{9B6BE30C-E7BE-4B21-A042-AAC1CDF645A2} = {476A6F3B-2E64-4EDC-857F-42230AA8A58E}
		{84E9390C-A689-4AA3-A705-CD6671ECB4ED} = {476A6F3B-2E64-4EDC-857F-42230AA8A58E}
		{AD41708F-D74E-41E4-8784-C6E8565BB4B2} = {9B6BE30C-E7BE-4B21-A042-AAC1CDF645A2}
		{36E2C245-82C0-4E24-83D9-1A128E754BFD} = {9B6BE30C-E7BE-4B21-A042-AAC1CDF645A2}
		{4C083841-D1BA-4546-82AF-CC9E412F99A5} = {84E9390C-A689-4AA3-A705-CD6671ECB4ED}
		{0EEFDBC5-B70F-4549-9D33-E63AA2027714} = {B3F92EB5-CD7A-43E8-A2DD-F4F7183449C5}
	EndGlobalSection
	GlobalSection(ExtensibilityGlobals) = postSolution
		SolutionGuid = {B8DD50AC-7DDA-4130-991D-1C6D8545B558}
	EndGlobalSection
EndGlobal
